
Microsoft Visual Studio Solution File, Format Version 12.00
# Visual Studio Version 16
VisualStudioVersion = 16.0.30517.126
MinimumVisualStudioVersion = 10.0.40219.1
Project("{8BC9CEB8-8B4A-11D0-8D11-00A0C91BC942}") = "WebWindow.Native", "src\WebWindow.Native\WebWindow.Native.vcxproj", "{A9DC9FFD-62E5-4E83-8276-9F6A97AF41B0}"
EndProject
Project("{9A19103F-16F7-4668-BE54-9A1E7A4F7556}") = "WebWindow", "src\WebWindow\WebWindow.csproj", "{79B967CC-7789-48EE-B4CD-A7C4F45688DD}"
EndProject
Project("{2150E333-8FDC-42A3-9474-1A3956D46DE8}") = "src", "src", "{CC1C0AD0-EB5C-41F7-B4C4-4892EEA968F4}"
EndProject
Project("{2150E333-8FDC-42A3-9474-1A3956D46DE8}") = "test", "test", "{5C388A89-518A-4203-8569-7173E3DD980B}"
EndProject
Project("{2150E333-8FDC-42A3-9474-1A3956D46DE8}") = "sample", "sample", "{B0D007A6-5A31-471A-9B01-62DB903E2A80}"
EndProject
Project("{9A19103F-16F7-4668-BE54-9A1E7A4F7556}") = "HelloWorldApp", "test\HelloWorldApp\HelloWorldApp.csproj", "{FD9CA489-3B6F-42DE-B84E-196C33CC7A1F}"
EndProject
Project("{2150E333-8FDC-42A3-9474-1A3956D46DE8}") = "Solution Items", "Solution Items", "{4649F92B-7770-4D0D-B259-8196351625CA}"
	ProjectSection(SolutionItems) = preProject
		..\WebWindow\LICENSE.txt = ..\WebWindow\LICENSE.txt
		..\WebWindow\README.md = ..\WebWindow\README.md
	EndProjectSection
EndProject
Global
	GlobalSection(SolutionConfigurationPlatforms) = preSolution
		Debug|Any CPU = Debug|Any CPU
		Debug|x64 = Debug|x64
		Debug|x86 = Debug|x86
		Release|Any CPU = Release|Any CPU
		Release|x64 = Release|x64
		Release|x86 = Release|x86
	EndGlobalSection
	GlobalSection(ProjectConfigurationPlatforms) = postSolution
		{A9DC9FFD-62E5-4E83-8276-9F6A97AF41B0}.Debug|Any CPU.ActiveCfg = Debug|Win32
		{A9DC9FFD-62E5-4E83-8276-9F6A97AF41B0}.Debug|x64.ActiveCfg = Debug|x64
		{A9DC9FFD-62E5-4E83-8276-9F6A97AF41B0}.Debug|x64.Build.0 = Debug|x64
		{A9DC9FFD-62E5-4E83-8276-9F6A97AF41B0}.Debug|x86.ActiveCfg = Debug|Win32
		{A9DC9FFD-62E5-4E83-8276-9F6A97AF41B0}.Debug|x86.Build.0 = Debug|Win32
		{A9DC9FFD-62E5-4E83-8276-9F6A97AF41B0}.Release|Any CPU.ActiveCfg = Release|Win32
		{A9DC9FFD-62E5-4E83-8276-9F6A97AF41B0}.Release|x64.ActiveCfg = Release|x64
		{A9DC9FFD-62E5-4E83-8276-9F6A97AF41B0}.Release|x64.Build.0 = Release|x64
		{A9DC9FFD-62E5-4E83-8276-9F6A97AF41B0}.Release|x86.ActiveCfg = Release|Win32
		{A9DC9FFD-62E5-4E83-8276-9F6A97AF41B0}.Release|x86.Build.0 = Release|Win32
		{79B967CC-7789-48EE-B4CD-A7C4F45688DD}.Debug|Any CPU.ActiveCfg = Debug|Any CPU
		{79B967CC-7789-48EE-B4CD-A7C4F45688DD}.Debug|Any CPU.Build.0 = Debug|Any CPU
		{79B967CC-7789-48EE-B4CD-A7C4F45688DD}.Debug|x64.ActiveCfg = Debug|Any CPU
		{79B967CC-7789-48EE-B4CD-A7C4F45688DD}.Debug|x64.Build.0 = Debug|Any CPU
		{79B967CC-7789-48EE-B4CD-A7C4F45688DD}.Debug|x86.ActiveCfg = Debug|Any CPU
		{79B967CC-7789-48EE-B4CD-A7C4F45688DD}.Debug|x86.Build.0 = Debug|Any CPU
		{79B967CC-7789-48EE-B4CD-A7C4F45688DD}.Release|Any CPU.ActiveCfg = Release|Any CPU
		{79B967CC-7789-48EE-B4CD-A7C4F45688DD}.Release|Any CPU.Build.0 = Release|Any CPU
		{79B967CC-7789-48EE-B4CD-A7C4F45688DD}.Release|x64.ActiveCfg = Release|Any CPU
		{79B967CC-7789-48EE-B4CD-A7C4F45688DD}.Release|x64.Build.0 = Release|Any CPU
		{79B967CC-7789-48EE-B4CD-A7C4F45688DD}.Release|x86.ActiveCfg = Release|Any CPU
		{79B967CC-7789-48EE-B4CD-A7C4F45688DD}.Release|x86.Build.0 = Release|Any CPU
		{FD9CA489-3B6F-42DE-B84E-196C33CC7A1F}.Debug|Any CPU.ActiveCfg = Debug|Any CPU
		{FD9CA489-3B6F-42DE-B84E-196C33CC7A1F}.Debug|Any CPU.Build.0 = Debug|Any CPU
		{FD9CA489-3B6F-42DE-B84E-196C33CC7A1F}.Debug|x64.ActiveCfg = Debug|Any CPU
		{FD9CA489-3B6F-42DE-B84E-196C33CC7A1F}.Debug|x64.Build.0 = Debug|Any CPU
		{FD9CA489-3B6F-42DE-B84E-196C33CC7A1F}.Debug|x86.ActiveCfg = Debug|Any CPU
		{FD9CA489-3B6F-42DE-B84E-196C33CC7A1F}.Debug|x86.Build.0 = Debug|Any CPU
		{FD9CA489-3B6F-42DE-B84E-196C33CC7A1F}.Release|Any CPU.ActiveCfg = Release|Any CPU
		{FD9CA489-3B6F-42DE-B84E-196C33CC7A1F}.Release|Any CPU.Build.0 = Release|Any CPU
		{FD9CA489-3B6F-42DE-B84E-196C33CC7A1F}.Release|x64.ActiveCfg = Release|Any CPU
		{FD9CA489-3B6F-42DE-B84E-196C33CC7A1F}.Release|x64.Build.0 = Release|Any CPU
		{FD9CA489-3B6F-42DE-B84E-196C33CC7A1F}.Release|x86.ActiveCfg = Release|Any CPU
		{FD9CA489-3B6F-42DE-B84E-196C33CC7A1F}.Release|x86.Build.0 = Release|Any CPU
	EndGlobalSection
	GlobalSection(SolutionProperties) = preSolution
		HideSolutionNode = FALSE
	EndGlobalSection
	GlobalSection(NestedProjects) = preSolution
		{A9DC9FFD-62E5-4E83-8276-9F6A97AF41B0} = {CC1C0AD0-EB5C-41F7-B4C4-4892EEA968F4}
		{79B967CC-7789-48EE-B4CD-A7C4F45688DD} = {CC1C0AD0-EB5C-41F7-B4C4-4892EEA968F4}
		{FD9CA489-3B6F-42DE-B84E-196C33CC7A1F} = {5C388A89-518A-4203-8569-7173E3DD980B}
	EndGlobalSection
	GlobalSection(ExtensibilityGlobals) = postSolution
		SolutionGuid = {5030CFFE-1203-42C2-B4EE-1DE2B8B7AFC9}
	EndGlobalSection
EndGlobal
